{
    "name": "@haxecheckstyle/haxe-checkstyle",
    "version": "2.7.0",
    "lockfileVersion": 1,
    "requires": true,
    "dependencies": {
        "lix": {
            "version": "15.10.1",
            "resolved": "https://registry.npmjs.org/lix/-/lix-15.10.1.tgz",
            "integrity": "sha512-UZX+p4i+2ZSEyI6p2Yu1sfC0pRRFnFHDpNQ2+FqhxmBG8cCiHZkj+I8FqCK4AUuQ/VOPE/bK69JbWez+OG3zaA==",
            "dev": true
        }
    }
}
