{
    "name": "@haxecheckstyle/haxe-checkstyle",
    "version": "2.7.0",
    "lockfileVersion": 2,
    "requires": true,
    "packages": {
        "": {
            "name": "@haxecheckstyle/haxe-checkstyle",
            "version": "2.7.0",
            "license": "MIT",
            "bin": {
                "haxe-checkstyle": "bin/checkstyle.js"
            },
            "devDependencies": {
                "lix": "^15.11.6"
            }
        },
        "node_modules/lix": {
            "version": "15.11.6",
            "resolved": "https://registry.npmjs.org/lix/-/lix-15.11.6.tgz",
            "integrity": "sha512-JyD3/sCeYz07HqUgyeTj6n6SfuVmUFBA0+0Q6PhoqN9bD3blUrfJ1XcX9VOhaUlH4qIbHe+NygK+fNvi+o4pEA==",
            "dev": true,
            "hasInstallScript": true,
            "bin": {
                "haxe": "bin/haxeshim.js",
                "haxelib": "bin/haxelibshim.js",
                "lix": "bin/lix.js",
                "neko": "bin/nekoshim.js"
            }
        }
    },
    "dependencies": {
        "lix": {
            "version": "15.11.6",
            "resolved": "https://registry.npmjs.org/lix/-/lix-15.11.6.tgz",
            "integrity": "sha512-JyD3/sCeYz07HqUgyeTj6n6SfuVmUFBA0+0Q6PhoqN9bD3blUrfJ1XcX9VOhaUlH4qIbHe+NygK+fNvi+o4pEA==",
            "dev": true
        }
    }
}
