{
    "name": "haxe-checkstyle",
    "version": "2.5.0",
    "lockfileVersion": 1,
    "requires": true,
    "dependencies": {
        "lix": {
            "version": "15.5.4",
            "resolved": "https://registry.npmjs.org/lix/-/lix-15.5.4.tgz",
            "integrity": "sha512-abOUxMKCcdoR5WUA8Sos5nE/AuXG02/aHkIwzZ7D3uckBcyvhgGOo0NLlMoZEHCLngtvvJ3QvS2KqQa/o+8Upg==",
            "dev": true
        }
    }
}
